{
  "dccVersion": "0.0.33",
  "features": [
    {
      "direct": true,
      "options": {},
      "ref": "../src/sudo",
      "resolved": "sha256:f4e0e15e8c2d283da52ebae182da0aecde350075b3d09a01389c9fdf9d442ecc"
    },
    {
      "direct": true,
      "options": {
        "package": "shellcheck"
      },
      "ref": "../src/linux-package",
      "resolved": "sha256:b567e28479d592f3adb64033446c7c822283f3959ed3a976734f8f0f107510dd"
    },
    {
      "direct": true,
      "options": {},
      "ref": "../src/git",
      "resolved": "sha256:43c422253b536d825e6f28a7b8c7a1835844a1f8aa66467eb4b7b472c798648c"
    },
    {
      "direct": true,
      "options": {},
      "ref": "../src/rust",
      "resolved": "sha256:d5d09f64793da7b2afda33ebd63033bfe291bde89af588a4d03362e47a2b0a3d"
    },
    {
      "direct": true,
      "options": {},
      "ref": "../src/claude",
      "resolved": "sha256:4c99930b74019e0474783f9b10921f19c8bf174bc8478e16a120b4efba89f639"
    },
    {
      "direct": true,
      "options": {},
      "ref": "../src/codex",
      "resolved": "sha256:e00467083f5764493332bc37571d43f5eb49088e59939452b403392e784201b3"
    }
  ]
}